
Microsoft Visual Studio Solution File, Format Version 12.00
# Visual Studio 15
VisualStudioVersion = 15.0.27130.2010
MinimumVisualStudioVersion = 10.0.40219.1
Project("{FAE04EC0-301F-11D3-BF4B-00C04F79EFBC}") = "eLConsultation", "eLConsultation\eLConsultation.csproj", "{25F29C39-2884-477D-A22E-357281929142}"
EndProject
Project("{00D1A9C2-B5F0-4AF3-8072-F6C62B433612}") = "eLConsultation.Database", "eLConsultation.Database\eLConsultation.Database.sqlproj", "{FB268820-84BE-48B2-BAA6-B5FCB595A548}"
EndProject
Project("{FAE04EC0-301F-11D3-BF4B-00C04F79EFBC}") = "eLConsultation.Data", "eLConsultation.Data\eLConsultation.Data.csproj", "{65953269-26B0-4897-8940-83527690777D}"
EndProject
Project("{FAE04EC0-301F-11D3-BF4B-00C04F79EFBC}") = "eLConsultation.DTO", "eLConsultation.DTO\eLConsultation.DTO.csproj", "{6F57BA37-6372-4E5C-8C21-E16D6233C5B5}"
EndProject
Project("{FAE04EC0-301F-11D3-BF4B-00C04F79EFBC}") = "eLConsultation.Services", "eLConsultation.Services\eLConsultation.Services.csproj", "{B82DE91B-8DED-47BE-9DC3-11B9C7FFAA2E}"
EndProject
Global
	GlobalSection(SolutionConfigurationPlatforms) = preSolution
		Debug|Any CPU = Debug|Any CPU
		Release|Any CPU = Release|Any CPU
	EndGlobalSection
	GlobalSection(ProjectConfigurationPlatforms) = postSolution
		{25F29C39-2884-477D-A22E-357281929142}.Debug|Any CPU.ActiveCfg = Debug|Any CPU
		{25F29C39-2884-477D-A22E-357281929142}.Debug|Any CPU.Build.0 = Debug|Any CPU
		{25F29C39-2884-477D-A22E-357281929142}.Release|Any CPU.ActiveCfg = Release|Any CPU
		{25F29C39-2884-477D-A22E-357281929142}.Release|Any CPU.Build.0 = Release|Any CPU
		{FB268820-84BE-48B2-BAA6-B5FCB595A548}.Debug|Any CPU.ActiveCfg = Debug|Any CPU
		{FB268820-84BE-48B2-BAA6-B5FCB595A548}.Release|Any CPU.ActiveCfg = Release|Any CPU
		{FB268820-84BE-48B2-BAA6-B5FCB595A548}.Release|Any CPU.Build.0 = Release|Any CPU
		{FB268820-84BE-48B2-BAA6-B5FCB595A548}.Release|Any CPU.Deploy.0 = Release|Any CPU
		{65953269-26B0-4897-8940-83527690777D}.Debug|Any CPU.ActiveCfg = Debug|Any CPU
		{65953269-26B0-4897-8940-83527690777D}.Debug|Any CPU.Build.0 = Debug|Any CPU
		{65953269-26B0-4897-8940-83527690777D}.Release|Any CPU.ActiveCfg = Release|Any CPU
		{65953269-26B0-4897-8940-83527690777D}.Release|Any CPU.Build.0 = Release|Any CPU
		{6F57BA37-6372-4E5C-8C21-E16D6233C5B5}.Debug|Any CPU.ActiveCfg = Debug|Any CPU
		{6F57BA37-6372-4E5C-8C21-E16D6233C5B5}.Debug|Any CPU.Build.0 = Debug|Any CPU
		{6F57BA37-6372-4E5C-8C21-E16D6233C5B5}.Release|Any CPU.ActiveCfg = Release|Any CPU
		{6F57BA37-6372-4E5C-8C21-E16D6233C5B5}.Release|Any CPU.Build.0 = Release|Any CPU
		{B82DE91B-8DED-47BE-9DC3-11B9C7FFAA2E}.Debug|Any CPU.ActiveCfg = Debug|Any CPU
		{B82DE91B-8DED-47BE-9DC3-11B9C7FFAA2E}.Debug|Any CPU.Build.0 = Debug|Any CPU
		{B82DE91B-8DED-47BE-9DC3-11B9C7FFAA2E}.Release|Any CPU.ActiveCfg = Release|Any CPU
		{B82DE91B-8DED-47BE-9DC3-11B9C7FFAA2E}.Release|Any CPU.Build.0 = Release|Any CPU
	EndGlobalSection
	GlobalSection(SolutionProperties) = preSolution
		HideSolutionNode = FALSE
	EndGlobalSection
	GlobalSection(ExtensibilityGlobals) = postSolution
		SolutionGuid = {D1BE4278-C323-419B-ABAE-F3CF37DD0B92}
	EndGlobalSection
EndGlobal
